
Microsoft Visual Studio Solution File, Format Version 12.00
# Visual Studio Version 16
VisualStudioVersion = 16.0.29728.190
MinimumVisualStudioVersion = 10.0.40219.1
Project("{FAE04EC0-301F-11D3-BF4B-00C04F79EFBC}") = "IoT Casus", "IoT Casus\IoT Casus.csproj", "{5F120A3E-4C03-45BF-B34E-E66624B97D99}"
EndProject
Global
	GlobalSection(SolutionConfigurationPlatforms) = preSolution
		Debug|Any CPU = Debug|Any CPU
		Release|Any CPU = Release|Any CPU
	EndGlobalSection
	GlobalSection(ProjectConfigurationPlatforms) = postSolution
		{5F120A3E-4C03-45BF-B34E-E66624B97D99}.Debug|Any CPU.ActiveCfg = Debug|Any CPU
		{5F120A3E-4C03-45BF-B34E-E66624B97D99}.Debug|Any CPU.Build.0 = Debug|Any CPU
		{5F120A3E-4C03-45BF-B34E-E66624B97D99}.Release|Any CPU.ActiveCfg = Release|Any CPU
		{5F120A3E-4C03-45BF-B34E-E66624B97D99}.Release|Any CPU.Build.0 = Release|Any CPU
	EndGlobalSection
	GlobalSection(SolutionProperties) = preSolution
		HideSolutionNode = FALSE
	EndGlobalSection
	GlobalSection(ExtensibilityGlobals) = postSolution
		SolutionGuid = {AA4A960C-B809-4609-B811-CC354431CE56}
	EndGlobalSection
EndGlobal
